// !$*UTF8*$!
{
	archiveVersion = 1;
	classes = {
	};
	objectVersion = 46;
	objects = {

/* Begin PBXBuildFile section */
		849F10EF1A92736A00C853D4 /* main.m in Sources */ = {isa = PBXBuildFile; fileRef = 849F10EE1A92736A00C853D4 /* main.m */; };
		849F10F21A92736A00C853D4 /* AppDelegate.m in Sources */ = {isa = PBXBuildFile; fileRef = 849F10F11A92736A00C853D4 /* AppDelegate.m */; };
		849F10F51A92736A00C853D4 /* CoreDataExample2.xcdatamodeld in Sources */ = {isa = PBXBuildFile; fileRef = 849F10F31A92736A00C853D4 /* CoreDataExample2.xcdatamodeld */; };
		849F10F81A92736A00C853D4 /* ViewController.m in Sources */ = {isa = PBXBuildFile; fileRef = 849F10F71A92736A00C853D4 /* ViewController.m */; };
		849F10FB1A92736A00C853D4 /* Main.storyboard in Resources */ = {isa = PBXBuildFile; fileRef = 849F10F91A92736A00C853D4 /* Main.storyboard */; };
		849F10FD1A92736A00C853D4 /* Images.xcassets in Resources */ = {isa = PBXBuildFile; fileRef = 849F10FC1A92736A00C853D4 /* Images.xcassets */; };
		849F11001A92736A00C853D4 /* LaunchScreen.xib in Resources */ = {isa = PBXBuildFile; fileRef = 849F10FE1A92736A00C853D4 /* LaunchScreen.xib */; };
		849F110C1A92736A00C853D4 /* CoreDataExample2Tests.m in Sources */ = {isa = PBXBuildFile; fileRef = 849F110B1A92736A00C853D4 /* CoreDataExample2Tests.m */; };
		849F11171A92748600C853D4 /* AddRecordViewController.m in Sources */ = {isa = PBXBuildFile; fileRef = 849F11161A92748600C853D4 /* AddRecordViewController.m */; };
		849F111A1A92749700C853D4 /* ShowRecordsViewController.m in Sources */ = {isa = PBXBuildFile; fileRef = 849F11191A92749700C853D4 /* ShowRecordsViewController.m */; };
		849F11251A92A25300C853D4 /* SVIndefiniteAnimatedView.m in Sources */ = {isa = PBXBuildFile; fileRef = 849F11201A92A25300C853D4 /* SVIndefiniteAnimatedView.m */; };
		849F11261A92A25300C853D4 /* SVProgressHUD.bundle in Resources */ = {isa = PBXBuildFile; fileRef = 849F11221A92A25300C853D4 /* SVProgressHUD.bundle */; };
		849F11271A92A25300C853D4 /* SVProgressHUD.m in Sources */ = {isa = PBXBuildFile; fileRef = 849F11241A92A25300C853D4 /* SVProgressHUD.m */; };
		849F11291A92A25B00C853D4 /* QuartzCore.framework in Frameworks */ = {isa = PBXBuildFile; fileRef = 849F11281A92A25B00C853D4 /* QuartzCore.framework */; };
/* End PBXBuildFile section */

/* Begin PBXContainerItemProxy section */
		849F11061A92736A00C853D4 /* PBXContainerItemProxy */ = {
			isa = PBXContainerItemProxy;
			containerPortal = 849F10E11A92736A00C853D4 /* Project object */;
			proxyType = 1;
			remoteGlobalIDString = 849F10E81A92736A00C853D4;
			remoteInfo = CoreDataExample2;
		};
/* End PBXContainerItemProxy section */

/* Begin PBXFileReference section */
		849F10E91A92736A00C853D4 /* CoreDataExample2.app */ = {isa = PBXFileReference; explicitFileType = wrapper.application; includeInIndex = 0; path = CoreDataExample2.app; sourceTree = BUILT_PRODUCTS_DIR; };
		849F10ED1A92736A00C853D4 /* Info.plist */ = {isa = PBXFileReference; lastKnownFileType = text.plist.xml; path = Info.plist; sourceTree = "<group>"; };
		849F10EE1A92736A00C853D4 /* main.m */ = {isa = PBXFileReference; lastKnownFileType = sourcecode.c.objc; path = main.m; sourceTree = "<group>"; };
		849F10F01A92736A00C853D4 /* AppDelegate.h */ = {isa = PBXFileReference; lastKnownFileType = sourcecode.c.h; path = AppDelegate.h; sourceTree = "<group>"; };
		849F10F11A92736A00C853D4 /* AppDelegate.m */ = {isa = PBXFileReference; lastKnownFileType = sourcecode.c.objc; path = AppDelegate.m; sourceTree = "<group>"; };
		849F10F41A92736A00C853D4 /* CoreDataExample2.xcdatamodel */ = {isa = PBXFileReference; lastKnownFileType = wrapper.xcdatamodel; path = CoreDataExample2.xcdatamodel; sourceTree = "<group>"; };
		849F10F61A92736A00C853D4 /* ViewController.h */ = {isa = PBXFileReference; lastKnownFileType = sourcecode.c.h; path = ViewController.h; sourceTree = "<group>"; };
		849F10F71A92736A00C853D4 /* ViewController.m */ = {isa = PBXFileReference; lastKnownFileType = sourcecode.c.objc; path = ViewController.m; sourceTree = "<group>"; };
		849F10FA1A92736A00C853D4 /* Base */ = {isa = PBXFileReference; lastKnownFileType = file.storyboard; name = Base; path = Base.lproj/Main.storyboard; sourceTree = "<group>"; };
		849F10FC1A92736A00C853D4 /* Images.xcassets */ = {isa = PBXFileReference; lastKnownFileType = folder.assetcatalog; path = Images.xcassets; sourceTree = "<group>"; };
		849F10FF1A92736A00C853D4 /* Base */ = {isa = PBXFileReference; lastKnownFileType = file.xib; name = Base; path = Base.lproj/LaunchScreen.xib; sourceTree = "<group>"; };
		849F11051A92736A00C853D4 /* CoreDataExample2Tests.xctest */ = {isa = PBXFileReference; explicitFileType = wrapper.cfbundle; includeInIndex = 0; path = CoreDataExample2Tests.xctest; sourceTree = BUILT_PRODUCTS_DIR; };
		849F110A1A92736A00C853D4 /* Info.plist */ = {isa = PBXFileReference; lastKnownFileType = text.plist.xml; path = Info.plist; sourceTree = "<group>"; };
		849F110B1A92736A00C853D4 /* CoreDataExample2Tests.m */ = {isa = PBXFileReference; lastKnownFileType = sourcecode.c.objc; path = CoreDataExample2Tests.m; sourceTree = "<group>"; };
		849F11151A92748600C853D4 /* AddRecordViewController.h */ = {isa = PBXFileReference; fileEncoding = 4; lastKnownFileType = sourcecode.c.h; path = AddRecordViewController.h; sourceTree = "<group>"; };
		849F11161A92748600C853D4 /* AddRecordViewController.m */ = {isa = PBXFileReference; fileEncoding = 4; lastKnownFileType = sourcecode.c.objc; path = AddRecordViewController.m; sourceTree = "<group>"; };
		849F11181A92749700C853D4 /* ShowRecordsViewController.h */ = {isa = PBXFileReference; fileEncoding = 4; lastKnownFileType = sourcecode.c.h; path = ShowRecordsViewController.h; sourceTree = "<group>"; };
		849F11191A92749700C853D4 /* ShowRecordsViewController.m */ = {isa = PBXFileReference; fileEncoding = 4; lastKnownFileType = sourcecode.c.objc; path = ShowRecordsViewController.m; sourceTree = "<group>"; };
		849F111F1A92A25300C853D4 /* SVIndefiniteAnimatedView.h */ = {isa = PBXFileReference; fileEncoding = 4; lastKnownFileType = sourcecode.c.h; path = SVIndefiniteAnimatedView.h; sourceTree = "<group>"; };
		849F11201A92A25300C853D4 /* SVIndefiniteAnimatedView.m */ = {isa = PBXFileReference; fileEncoding = 4; lastKnownFileType = sourcecode.c.objc; path = SVIndefiniteAnimatedView.m; sourceTree = "<group>"; };
		849F11211A92A25300C853D4 /* SVProgressHUD-Prefix.pch */ = {isa = PBXFileReference; fileEncoding = 4; lastKnownFileType = sourcecode.c.h; path = "SVProgressHUD-Prefix.pch"; sourceTree = "<group>"; };
		849F11221A92A25300C853D4 /* SVProgressHUD.bundle */ = {isa = PBXFileReference; lastKnownFileType = "wrapper.plug-in"; path = SVProgressHUD.bundle; sourceTree = "<group>"; };
		849F11231A92A25300C853D4 /* SVProgressHUD.h */ = {isa = PBXFileReference; fileEncoding = 4; lastKnownFileType = sourcecode.c.h; path = SVProgressHUD.h; sourceTree = "<group>"; };
		849F11241A92A25300C853D4 /* SVProgressHUD.m */ = {isa = PBXFileReference; fileEncoding = 4; lastKnownFileType = sourcecode.c.objc; path = SVProgressHUD.m; sourceTree = "<group>"; };
		849F11281A92A25B00C853D4 /* QuartzCore.framework */ = {isa = PBXFileReference; lastKnownFileType = wrapper.framework; name = QuartzCore.framework; path = System/Library/Frameworks/QuartzCore.framework; sourceTree = SDKROOT; };
/* End PBXFileReference section */

/* Begin PBXFrameworksBuildPhase section */
		849F10E61A92736A00C853D4 /* Frameworks */ = {
			isa = PBXFrameworksBuildPhase;
			buildActionMask = 2147483647;
			files = (
				849F11291A92A25B00C853D4 /* QuartzCore.framework in Frameworks */,
			);
			runOnlyForDeploymentPostprocessing = 0;
		};
		849F11021A92736A00C853D4 /* Frameworks */ = {
			isa = PBXFrameworksBuildPhase;
			buildActionMask = 2147483647;
			files = (
			);
			runOnlyForDeploymentPostprocessing = 0;
		};
/* End PBXFrameworksBuildPhase section */

/* Begin PBXGroup section */
		849F10E01A92736A00C853D4 = {
			isa = PBXGroup;
			children = (
				849F11281A92A25B00C853D4 /* QuartzCore.framework */,
				849F10EB1A92736A00C853D4 /* CoreDataExample2 */,
				849F11081A92736A00C853D4 /* CoreDataExample2Tests */,
				849F10EA1A92736A00C853D4 /* Products */,
			);
			sourceTree = "<group>";
		};
		849F10EA1A92736A00C853D4 /* Products */ = {
			isa = PBXGroup;
			children = (
				849F10E91A92736A00C853D4 /* CoreDataExample2.app */,
				849F11051A92736A00C853D4 /* CoreDataExample2Tests.xctest */,
			);
			name = Products;
			sourceTree = "<group>";
		};
		849F10EB1A92736A00C853D4 /* CoreDataExample2 */ = {
			isa = PBXGroup;
			children = (
				849F11301A92A49A00C853D4 /* CoreData */,
				849F111E1A92A25300C853D4 /* SVProgressHUD */,
				849F10F01A92736A00C853D4 /* AppDelegate.h */,
				849F10F11A92736A00C853D4 /* AppDelegate.m */,
				849F10F61A92736A00C853D4 /* ViewController.h */,
				849F10F71A92736A00C853D4 /* ViewController.m */,
				849F10F91A92736A00C853D4 /* Main.storyboard */,
				849F10FC1A92736A00C853D4 /* Images.xcassets */,
				849F10FE1A92736A00C853D4 /* LaunchScreen.xib */,
				849F10EC1A92736A00C853D4 /* Supporting Files */,
				849F11151A92748600C853D4 /* AddRecordViewController.h */,
				849F11161A92748600C853D4 /* AddRecordViewController.m */,
				849F11181A92749700C853D4 /* ShowRecordsViewController.h */,
				849F11191A92749700C853D4 /* ShowRecordsViewController.m */,
			);
			path = CoreDataExample2;
			sourceTree = "<group>";
		};
		849F10EC1A92736A00C853D4 /* Supporting Files */ = {
			isa = PBXGroup;
			children = (
				849F10ED1A92736A00C853D4 /* Info.plist */,
				849F10EE1A92736A00C853D4 /* main.m */,
			);
			name = "Supporting Files";
			sourceTree = "<group>";
		};
		849F11081A92736A00C853D4 /* CoreDataExample2Tests */ = {
			isa = PBXGroup;
			children = (
				849F110B1A92736A00C853D4 /* CoreDataExample2Tests.m */,
				849F11091A92736A00C853D4 /* Supporting Files */,
			);
			path = CoreDataExample2Tests;
			sourceTree = "<group>";
		};
		849F11091A92736A00C853D4 /* Supporting Files */ = {
			isa = PBXGroup;
			children = (
				849F110A1A92736A00C853D4 /* Info.plist */,
			);
			name = "Supporting Files";
			sourceTree = "<group>";
		};
		849F111E1A92A25300C853D4 /* SVProgressHUD */ = {
			isa = PBXGroup;
			children = (
				849F111F1A92A25300C853D4 /* SVIndefiniteAnimatedView.h */,
				849F11201A92A25300C853D4 /* SVIndefiniteAnimatedView.m */,
				849F11211A92A25300C853D4 /* SVProgressHUD-Prefix.pch */,
				849F11221A92A25300C853D4 /* SVProgressHUD.bundle */,
				849F11231A92A25300C853D4 /* SVProgressHUD.h */,
				849F11241A92A25300C853D4 /* SVProgressHUD.m */,
			);
			path = SVProgressHUD;
			sourceTree = "<group>";
		};
		849F11301A92A49A00C853D4 /* CoreData */ = {
			isa = PBXGroup;
			children = (
				849F10F31A92736A00C853D4 /* CoreDataExample2.xcdatamodeld */,
			);
			name = CoreData;
			sourceTree = "<group>";
		};
/* End PBXGroup section */

/* Begin PBXNativeTarget section */
		849F10E81A92736A00C853D4 /* CoreDataExample2 */ = {
			isa = PBXNativeTarget;
			buildConfigurationList = 849F110F1A92736A00C853D4 /* Build configuration list for PBXNativeTarget "CoreDataExample2" */;
			buildPhases = (
				849F10E51A92736A00C853D4 /* Sources */,
				849F10E61A92736A00C853D4 /* Frameworks */,
				849F10E71A92736A00C853D4 /* Resources */,
			);
			buildRules = (
			);
			dependencies = (
			);
			name = CoreDataExample2;
			productName = CoreDataExample2;
			productReference = 849F10E91A92736A00C853D4 /* CoreDataExample2.app */;
			productType = "com.apple.product-type.application";
		};
		849F11041A92736A00C853D4 /* CoreDataExample2Tests */ = {
			isa = PBXNativeTarget;
			buildConfigurationList = 849F11121A92736A00C853D4 /* Build configuration list for PBXNativeTarget "CoreDataExample2Tests" */;
			buildPhases = (
				849F11011A92736A00C853D4 /* Sources */,
				849F11021A92736A00C853D4 /* Frameworks */,
				849F11031A92736A00C853D4 /* Resources */,
			);
			buildRules = (
			);
			dependencies = (
				849F11071A92736A00C853D4 /* PBXTargetDependency */,
			);
			name = CoreDataExample2Tests;
			productName = CoreDataExample2Tests;
			productReference = 849F11051A92736A00C853D4 /* CoreDataExample2Tests.xctest */;
			productType = "com.apple.product-type.bundle.unit-test";
		};
/* End PBXNativeTarget section */

/* Begin PBXProject section */
		849F10E11A92736A00C853D4 /* Project object */ = {
			isa = PBXProject;
			attributes = {
				LastUpgradeCheck = 0610;
				ORGANIZATIONNAME = "Erick Bennett";
				TargetAttributes = {
					849F10E81A92736A00C853D4 = {
						CreatedOnToolsVersion = 6.1.1;
					};
					849F11041A92736A00C853D4 = {
						CreatedOnToolsVersion = 6.1.1;
						TestTargetID = 849F10E81A92736A00C853D4;
					};
				};
			};
			buildConfigurationList = 849F10E41A92736A00C853D4 /* Build configuration list for PBXProject "CoreDataExample2" */;
			compatibilityVersion = "Xcode 3.2";
			developmentRegion = English;
			hasScannedForEncodings = 0;
			knownRegions = (
				en,
				Base,
			);
			mainGroup = 849F10E01A92736A00C853D4;
			productRefGroup = 849F10EA1A92736A00C853D4 /* Products */;
			projectDirPath = "";
			projectRoot = "";
			targets = (
				849F10E81A92736A00C853D4 /* CoreDataExample2 */,
				849F11041A92736A00C853D4 /* CoreDataExample2Tests */,
			);
		};
/* End PBXProject section */

/* Begin PBXResourcesBuildPhase section */
		849F10E71A92736A00C853D4 /* Resources */ = {
			isa = PBXResourcesBuildPhase;
			buildActionMask = 2147483647;
			files = (
				849F10FB1A92736A00C853D4 /* Main.storyboard in Resources */,
				849F11001A92736A00C853D4 /* LaunchScreen.xib in Resources */,
				849F10FD1A92736A00C853D4 /* Images.xcassets in Resources */,
				849F11261A92A25300C853D4 /* SVProgressHUD.bundle in Resources */,
			);
			runOnlyForDeploymentPostprocessing = 0;
		};
		849F11031A92736A00C853D4 /* Resources */ = {
			isa = PBXResourcesBuildPhase;
			buildActionMask = 2147483647;
			files = (
			);
			runOnlyForDeploymentPostprocessing = 0;
		};
/* End PBXResourcesBuildPhase section */

/* Begin PBXSourcesBuildPhase section */
		849F10E51A92736A00C853D4 /* Sources */ = {
			isa = PBXSourcesBuildPhase;
			buildActionMask = 2147483647;
			files = (
				849F10F51A92736A00C853D4 /* CoreDataExample2.xcdatamodeld in Sources */,
				849F10F21A92736A00C853D4 /* AppDelegate.m in Sources */,
				849F11251A92A25300C853D4 /* SVIndefiniteAnimatedView.m in Sources */,
				849F111A1A92749700C853D4 /* ShowRecordsViewController.m in Sources */,
				849F11271A92A25300C853D4 /* SVProgressHUD.m in Sources */,
				849F10F81A92736A00C853D4 /* ViewController.m in Sources */,
				849F10EF1A92736A00C853D4 /* main.m in Sources */,
				849F11171A92748600C853D4 /* AddRecordViewController.m in Sources */,
			);
			runOnlyForDeploymentPostprocessing = 0;
		};
		849F11011A92736A00C853D4 /* Sources */ = {
			isa = PBXSourcesBuildPhase;
			buildActionMask = 2147483647;
			files = (
				849F110C1A92736A00C853D4 /* CoreDataExample2Tests.m in Sources */,
			);
			runOnlyForDeploymentPostprocessing = 0;
		};
/* End PBXSourcesBuildPhase section */

/* Begin PBXTargetDependency section */
		849F11071A92736A00C853D4 /* PBXTargetDependency */ = {
			isa = PBXTargetDependency;
			target = 849F10E81A92736A00C853D4 /* CoreDataExample2 */;
			targetProxy = 849F11061A92736A00C853D4 /* PBXContainerItemProxy */;
		};
/* End PBXTargetDependency section */

/* Begin PBXVariantGroup section */
		849F10F91A92736A00C853D4 /* Main.storyboard */ = {
			isa = PBXVariantGroup;
			children = (
				849F10FA1A92736A00C853D4 /* Base */,
			);
			name = Main.storyboard;
			sourceTree = "<group>";
		};
		849F10FE1A92736A00C853D4 /* LaunchScreen.xib */ = {
			isa = PBXVariantGroup;
			children = (
				849F10FF1A92736A00C853D4 /* Base */,
			);
			name = LaunchScreen.xib;
			sourceTree = "<group>";
		};
/* End PBXVariantGroup section */

/* Begin XCBuildConfiguration section */
		849F110D1A92736A00C853D4 /* Debug */ = {
			isa = XCBuildConfiguration;
			buildSettings = {
				ALWAYS_SEARCH_USER_PATHS = NO;
				CLANG_CXX_LANGUAGE_STANDARD = "gnu++0x";
				CLANG_CXX_LIBRARY = "libc++";
				CLANG_ENABLE_MODULES = YES;
				CLANG_ENABLE_OBJC_ARC = YES;
				CLANG_WARN_BOOL_CONVERSION = YES;
				CLANG_WARN_CONSTANT_CONVERSION = YES;
				CLANG_WARN_DIRECT_OBJC_ISA_USAGE = YES_ERROR;
				CLANG_WARN_EMPTY_BODY = YES;
				CLANG_WARN_ENUM_CONVERSION = YES;
				CLANG_WARN_INT_CONVERSION = YES;
				CLANG_WARN_OBJC_ROOT_CLASS = YES_ERROR;
				CLANG_WARN_UNREACHABLE_CODE = YES;
				CLANG_WARN__DUPLICATE_METHOD_MATCH = YES;
				"CODE_SIGN_IDENTITY[sdk=iphoneos*]" = "iPhone Developer";
				COPY_PHASE_STRIP = NO;
				ENABLE_STRICT_OBJC_MSGSEND = YES;
				GCC_C_LANGUAGE_STANDARD = gnu99;
				GCC_DYNAMIC_NO_PIC = NO;
				GCC_OPTIMIZATION_LEVEL = 0;
				GCC_PREPROCESSOR_DEFINITIONS = (
					"DEBUG=1",
					"$(inherited)",
				);
				GCC_SYMBOLS_PRIVATE_EXTERN = NO;
				GCC_WARN_64_TO_32_BIT_CONVERSION = YES;
				GCC_WARN_ABOUT_RETURN_TYPE = YES_ERROR;
				GCC_WARN_UNDECLARED_SELECTOR = YES;
				GCC_WARN_UNINITIALIZED_AUTOS = YES_AGGRESSIVE;
				GCC_WARN_UNUSED_FUNCTION = YES;
				GCC_WARN_UNUSED_VARIABLE = YES;
				IPHONEOS_DEPLOYMENT_TARGET = 8.1;
				MTL_ENABLE_DEBUG_INFO = YES;
				ONLY_ACTIVE_ARCH = YES;
				SDKROOT = iphoneos;
			};
			name = Debug;
		};
		849F110E1A92736A00C853D4 /* Release */ = {
			isa = XCBuildConfiguration;
			buildSettings = {
				ALWAYS_SEARCH_USER_PATHS = NO;
				CLANG_CXX_LANGUAGE_STANDARD = "gnu++0x";
				CLANG_CXX_LIBRARY = "libc++";
				CLANG_ENABLE_MODULES = YES;
				CLANG_ENABLE_OBJC_ARC = YES;
				CLANG_WARN_BOOL_CONVERSION = YES;
				CLANG_WARN_CONSTANT_CONVERSION = YES;
				CLANG_WARN_DIRECT_OBJC_ISA_USAGE = YES_ERROR;
				CLANG_WARN_EMPTY_BODY = YES;
				CLANG_WARN_ENUM_CONVERSION = YES;
				CLANG_WARN_INT_CONVERSION = YES;
				CLANG_WARN_OBJC_ROOT_CLASS = YES_ERROR;
				CLANG_WARN_UNREACHABLE_CODE = YES;
				CLANG_WARN__DUPLICATE_METHOD_MATCH = YES;
				"CODE_SIGN_IDENTITY[sdk=iphoneos*]" = "iPhone Developer";
				COPY_PHASE_STRIP = YES;
				ENABLE_NS_ASSERTIONS = NO;
				ENABLE_STRICT_OBJC_MSGSEND = YES;
				GCC_C_LANGUAGE_STANDARD = gnu99;
				GCC_WARN_64_TO_32_BIT_CONVERSION = YES;
				GCC_WARN_ABOUT_RETURN_TYPE = YES_ERROR;
				GCC_WARN_UNDECLARED_SELECTOR = YES;
				GCC_WARN_UNINITIALIZED_AUTOS = YES_AGGRESSIVE;
				GCC_WARN_UNUSED_FUNCTION = YES;
				GCC_WARN_UNUSED_VARIABLE = YES;
				IPHONEOS_DEPLOYMENT_TARGET = 8.1;
				MTL_ENABLE_DEBUG_INFO = NO;
				SDKROOT = iphoneos;
				VALIDATE_PRODUCT = YES;
			};
			name = Release;
		};
		849F11101A92736A00C853D4 /* Debug */ = {
			isa = XCBuildConfiguration;
			buildSettings = {
				ASSETCATALOG_COMPILER_APPICON_NAME = AppIcon;
				INFOPLIST_FILE = CoreDataExample2/Info.plist;
				LD_RUNPATH_SEARCH_PATHS = "$(inherited) @executable_path/Frameworks";
				PRODUCT_NAME = "$(TARGET_NAME)";
			};
			name = Debug;
		};
		849F11111A92736A00C853D4 /* Release */ = {
			isa = XCBuildConfiguration;
			buildSettings = {
				ASSETCATALOG_COMPILER_APPICON_NAME = AppIcon;
				INFOPLIST_FILE = CoreDataExample2/Info.plist;
				LD_RUNPATH_SEARCH_PATHS = "$(inherited) @executable_path/Frameworks";
				PRODUCT_NAME = "$(TARGET_NAME)";
			};
			name = Release;
		};
		849F11131A92736A00C853D4 /* Debug */ = {
			isa = XCBuildConfiguration;
			buildSettings = {
				BUNDLE_LOADER = "$(TEST_HOST)";
				FRAMEWORK_SEARCH_PATHS = (
					"$(SDKROOT)/Developer/Library/Frameworks",
					"$(inherited)",
				);
				GCC_PREPROCESSOR_DEFINITIONS = (
					"DEBUG=1",
					"$(inherited)",
				);
				INFOPLIST_FILE = CoreDataExample2Tests/Info.plist;
				LD_RUNPATH_SEARCH_PATHS = "$(inherited) @executable_path/Frameworks @loader_path/Frameworks";
				PRODUCT_NAME = "$(TARGET_NAME)";
				TEST_HOST = "$(BUILT_PRODUCTS_DIR)/CoreDataExample2.app/CoreDataExample2";
			};
			name = Debug;
		};
		849F11141A92736A00C853D4 /* Release */ = {
			isa = XCBuildConfiguration;
			buildSettings = {
				BUNDLE_LOADER = "$(TEST_HOST)";
				FRAMEWORK_SEARCH_PATHS = (
					"$(SDKROOT)/Developer/Library/Frameworks",
					"$(inherited)",
				);
				INFOPLIST_FILE = CoreDataExample2Tests/Info.plist;
				LD_RUNPATH_SEARCH_PATHS = "$(inherited) @executable_path/Frameworks @loader_path/Frameworks";
				PRODUCT_NAME = "$(TARGET_NAME)";
				TEST_HOST = "$(BUILT_PRODUCTS_DIR)/CoreDataExample2.app/CoreDataExample2";
			};
			name = Release;
		};
/* End XCBuildConfiguration section */

/* Begin XCConfigurationList section */
		849F10E41A92736A00C853D4 /* Build configuration list for PBXProject "CoreDataExample2" */ = {
			isa = XCConfigurationList;
			buildConfigurations = (
				849F110D1A92736A00C853D4 /* Debug */,
				849F110E1A92736A00C853D4 /* Release */,
			);
			defaultConfigurationIsVisible = 0;
			defaultConfigurationName = Release;
		};
		849F110F1A92736A00C853D4 /* Build configuration list for PBXNativeTarget "CoreDataExample2" */ = {
			isa = XCConfigurationList;
			buildConfigurations = (
				849F11101A92736A00C853D4 /* Debug */,
				849F11111A92736A00C853D4 /* Release */,
			);
			defaultConfigurationIsVisible = 0;
			defaultConfigurationName = Release;
		};
		849F11121A92736A00C853D4 /* Build configuration list for PBXNativeTarget "CoreDataExample2Tests" */ = {
			isa = XCConfigurationList;
			buildConfigurations = (
				849F11131A92736A00C853D4 /* Debug */,
				849F11141A92736A00C853D4 /* Release */,
			);
			defaultConfigurationIsVisible = 0;
			defaultConfigurationName = Release;
		};
/* End XCConfigurationList section */

/* Begin XCVersionGroup section */
		849F10F31A92736A00C853D4 /* CoreDataExample2.xcdatamodeld */ = {
			isa = XCVersionGroup;
			children = (
				849F10F41A92736A00C853D4 /* CoreDataExample2.xcdatamodel */,
			);
			currentVersion = 849F10F41A92736A00C853D4 /* CoreDataExample2.xcdatamodel */;
			path = CoreDataExample2.xcdatamodeld;
			sourceTree = "<group>";
			versionGroupType = wrapper.xcdatamodel;
		};
/* End XCVersionGroup section */
	};
	rootObject = 849F10E11A92736A00C853D4 /* Project object */;
}
